
Microsoft Visual Studio Solution File, Format Version 12.00
# Visual Studio Version 16
VisualStudioVersion = 16.0.31829.152
MinimumVisualStudioVersion = 10.0.40219.1
Project("{FAE04EC0-301F-11D3-BF4B-00C04F79EFBC}") = "MCD_ArrayListOdev2", "MCD_ArrayListOdev2\MCD_ArrayListOdev2.csproj", "{333AD086-B25F-43B5-BFD5-373FA40DD31E}"
EndProject
Global
	GlobalSection(SolutionConfigurationPlatforms) = preSolution
		Debug|Any CPU = Debug|Any CPU
		Release|Any CPU = Release|Any CPU
	EndGlobalSection
	GlobalSection(ProjectConfigurationPlatforms) = postSolution
		{333AD086-B25F-43B5-BFD5-373FA40DD31E}.Debug|Any CPU.ActiveCfg = Debug|Any CPU
		{333AD086-B25F-43B5-BFD5-373FA40DD31E}.Debug|Any CPU.Build.0 = Debug|Any CPU
		{333AD086-B25F-43B5-BFD5-373FA40DD31E}.Release|Any CPU.ActiveCfg = Release|Any CPU
		{333AD086-B25F-43B5-BFD5-373FA40DD31E}.Release|Any CPU.Build.0 = Release|Any CPU
	EndGlobalSection
	GlobalSection(SolutionProperties) = preSolution
		HideSolutionNode = FALSE
	EndGlobalSection
	GlobalSection(ExtensibilityGlobals) = postSolution
		SolutionGuid = {6660F455-E049-4FCA-B78D-2B65E284475D}
	EndGlobalSection
EndGlobal
